{
    "hash": "07dad4b5fe840579af5c717ecb0c3b84",
    "packages": [
        {
            "name": "corneltek/lazyrecord",
            "version": "1.9.0",
            "source": {
                "type": "git",
                "url": "git@git.corneltek.com:php/LazyRecord.git",
                "reference": "1.9.0"
            },
            "require": {
                "php": ">=5.3.0"
            },
            "type": "library",
            "autoload": {
                "psr-0": {
                    "LazyRecord": "src"
                }
            },
            "license": [
                "MIT"
            ],
            "authors": [
                {
                    "name": "Yo-An Lin",
                    "email": "cornelius.howl@gmail.com",
                    "homepage": "http://c9s.me"
                }
            ],
            "description": "The Fast PHP ORM",
            "homepage": "http://github.com/c9s/LazyRecord",
            "time": "2012-11-06 15:22:10"
        },
        {
            "name": "twig/twig",
            "version": "v1.12.2",
            "source": {
                "type": "git",
                "url": "git://github.com/fabpot/Twig.git",
                "reference": "v1.12.2"
            },
            "dist": {
                "type": "zip",
                "url": "https://api.github.com/repos/fabpot/Twig/zipball/v1.12.2",
                "reference": "v1.12.2",
                "shasum": ""
            },
            "require": {
                "php": ">=5.2.4"
            },
            "type": "library",
            "extra": {
                "branch-alias": {
                    "dev-master": "1.12-dev"
                }
            },
            "autoload": {
                "psr-0": {
                    "Twig_": "lib/"
                }
            },
            "notification-url": "https://packagist.org/downloads/",
            "license": [
                "BSD-3"
            ],
            "authors": [
                {
                    "name": "Fabien Potencier",
                    "email": "fabien@symfony.com"
                },
                {
                    "name": "Armin Ronacher",
                    "email": "armin.ronacher@active-4.com"
                }
            ],
            "description": "Twig, the flexible, fast, and secure template language for PHP",
            "homepage": "http://twig.sensiolabs.org",
            "keywords": [
                "templating"
            ],
            "time": "2013-02-09 18:21:53"
        }
    ],
    "packages-dev": [
        {
            "name": "corneltek/phpunit-testmore",
            "version": "dev-master",
            "source": {
                "type": "git",
                "url": "git@git.corneltek.com:php/PHPUnit_TestMore.git",
                "reference": "e10a5ba320b9c3d3f7d42436e9196238558b8b51"
            },
            "require": {
                "php": ">=5.3.0"
            },
            "type": "library",
            "autoload": {
                "files": [
                    "src/PHPUnit/TestMore.php"
                ]
            },
            "time": "2013-03-21 08:49:44"
        }
    ],
    "aliases": [

    ],
    "minimum-stability": "stable",
    "stability-flags": {
        "corneltek/phpunit-testmore": 20
    },
    "platform": [

    ],
    "platform-dev": [

    ]
}
